
Microsoft Visual Studio Solution File, Format Version 12.00
# Visual Studio Version 17
VisualStudioVersion = 17.4.33205.214
MinimumVisualStudioVersion = 10.0.40219.1
Project("{9A19103F-16F7-4668-BE54-9A1E7A4F7556}") = "Tailspin.SpaceGame.Web", "Tailspin.SpaceGame.Web\Tailspin.SpaceGame.Web.csproj", "{A0C4E31E-AC75-4F39-9F59-0AA19D9B8F46}"
EndProject
Project("{9A19103F-16F7-4668-BE54-9A1E7A4F7556}") = "Tailspin.SpaceGame.Web.Tests", "Tailspin.SpaceGame.Web.Tests\Tailspin.SpaceGame.Web.Tests.csproj", "{773BA444-0D67-4F37-8762-17E108CCD5F5}"
EndProject
Project("{9A19103F-16F7-4668-BE54-9A1E7A4F7556}") = "Tailspin.SpaceGame.Web.UITests", "Tailspin.SpaceGame.Web.UITests\Tailspin.SpaceGame.Web.UITests.csproj", "{5EDE7F1D-503E-4B99-8403-79522D92FA64}"
EndProject
Global
	GlobalSection(SolutionConfigurationPlatforms) = preSolution
		Debug|Any CPU = Debug|Any CPU
		Release|Any CPU = Release|Any CPU
	EndGlobalSection
	GlobalSection(ProjectConfigurationPlatforms) = postSolution
		{A0C4E31E-AC75-4F39-9F59-0AA19D9B8F46}.Debug|Any CPU.ActiveCfg = Debug|Any CPU
		{A0C4E31E-AC75-4F39-9F59-0AA19D9B8F46}.Debug|Any CPU.Build.0 = Debug|Any CPU
		{A0C4E31E-AC75-4F39-9F59-0AA19D9B8F46}.Release|Any CPU.ActiveCfg = Release|Any CPU
		{A0C4E31E-AC75-4F39-9F59-0AA19D9B8F46}.Release|Any CPU.Build.0 = Release|Any CPU
		{773BA444-0D67-4F37-8762-17E108CCD5F5}.Debug|Any CPU.ActiveCfg = Debug|Any CPU
		{773BA444-0D67-4F37-8762-17E108CCD5F5}.Debug|Any CPU.Build.0 = Debug|Any CPU
		{773BA444-0D67-4F37-8762-17E108CCD5F5}.Release|Any CPU.ActiveCfg = Release|Any CPU
		{773BA444-0D67-4F37-8762-17E108CCD5F5}.Release|Any CPU.Build.0 = Release|Any CPU
		{5EDE7F1D-503E-4B99-8403-79522D92FA64}.Debug|Any CPU.ActiveCfg = Debug|Any CPU
		{5EDE7F1D-503E-4B99-8403-79522D92FA64}.Debug|Any CPU.Build.0 = Debug|Any CPU
		{5EDE7F1D-503E-4B99-8403-79522D92FA64}.Release|Any CPU.ActiveCfg = Release|Any CPU
		{5EDE7F1D-503E-4B99-8403-79522D92FA64}.Release|Any CPU.Build.0 = Release|Any CPU
	EndGlobalSection
	GlobalSection(SolutionProperties) = preSolution
		HideSolutionNode = FALSE
	EndGlobalSection
	GlobalSection(ExtensibilityGlobals) = postSolution
		SolutionGuid = {E02D76A2-1F01-4FBC-B483-330AFD43885D}
	EndGlobalSection
EndGlobal
